%{"amrita": {:git, "https://github.com/josephwilk/amrita.git", "753fb7c1b31d70ffbe6ac7bf6e6077983f74f98d", []},
  "bunt": {:hex, :bunt, "0.1.4"},
  "certifi": {:hex, :certifi, "0.3.0"},
  "connection": {:hex, :connection, "1.0.2"},
  "cowboy": {:hex, :cowboy, "1.0.4"},
  "cowlib": {:hex, :cowlib, "1.0.2"},
  "credo": {:hex, :credo, "0.3.0-dev2"},
  "dialyxir": {:hex, :dialyxir, "0.3.2"},
  "dialyze": {:hex, :dialyze, "0.2.0"},
  "excheck": {:hex, :excheck, "0.3.2"},
  "excoveralls": {:hex, :excoveralls, "0.4.6"},
  "exjsx": {:hex, :exjsx, "3.2.0"},
  "hackney": {:hex, :hackney, "1.4.8"},
  "idna": {:hex, :idna, "1.0.3"},
  "inch_ex": {:hex, :inch_ex, "0.5.1"},
  "jsx": {:hex, :jsx, "2.6.2"},
  "katt": {:git, "https://github.com/for-GET/katt.git", "161ccac193acd82dace1705c576766d6df61cbba", []},
  "lhttpc": {:git, "git://github.com/esl/lhttpc.git", "a38677043ce11f12c143aec36c9147ca23197302", [ref: "a38677043ce11f12c143aec36c9147ca23197302"]},
  "maru": {:hex, :maru, "0.9.3"},
  "meck": {:git, "https://github.com/eproxus/meck.git", "ccc817ee45a8ee1f2ba244ab3e8f1ddc178df685", [branch: "master"]},
  "mimerl": {:hex, :mimerl, "1.0.2"},
  "mochijson3": {:git, "git://github.com/tophitpoker/mochijson3.git", "1a1c913ac80bb45d3de5fbd74d21e96c45e9e844", [ref: "1a1c913ac80bb45d3de5fbd74d21e96c45e9e844"]},
  "neotoma": {:git, "git://github.com/seancribbs/neotoma.git", "b9cff6b8c2068eb3170709560e385b34f6e5464c", [tag: "1.6.1"]},
  "plug": {:hex, :plug, "1.1.0"},
  "poison": {:hex, :poison, "2.0.1"},
  "porcelain": {:hex, :porcelain, "2.0.1"},
  "ranch": {:hex, :ranch, "1.2.1"},
  "redix": {:hex, :redix, "0.3.4"},
  "ssl_verify_hostname": {:hex, :ssl_verify_hostname, "1.0.5"},
  "sweet_xml": {:hex, :sweet_xml, "0.5.0"},
  "triq": {:git, "https://github.com/krestenkrab/triq.git", "c7306b8eaea133d52140cb828817efb5e50a3d52", []},
  "xml_builder": {:hex, :xml_builder, "0.0.8"}}
